// !$*UTF8*$!
{
	archiveVersion = 1;
	classes = {
	};
	objectVersion = 46;
	objects = {

/* Begin PBXBuildFile section */
		C22E53CA198638DA002C4187 /* MultipeerMan.m in Sources */ = {isa = PBXBuildFile; fileRef = C22E53C9198638DA002C4187 /* MultipeerMan.m */; };
		C22E53CD19863AD1002C4187 /* VoiceReceiver.m in Sources */ = {isa = PBXBuildFile; fileRef = C22E53CC19863AD1002C4187 /* VoiceReceiver.m */; };
		C2870C941985F8AD009E7258 /* UIView+Toast.m in Sources */ = {isa = PBXBuildFile; fileRef = C2870C931985F8AD009E7258 /* UIView+Toast.m */; };
		C2A8F59D18E2A1700036C1B1 /* CoreAudio.framework in Frameworks */ = {isa = PBXBuildFile; fileRef = C2A8F59C18E2A1700036C1B1 /* CoreAudio.framework */; };
		C2B8CDCE198716640059B148 /* AVFoundation.framework in Frameworks */ = {isa = PBXBuildFile; fileRef = C2B8CDCD198716640059B148 /* AVFoundation.framework */; };
		C2CBBC6518E1D19C00320A63 /* Foundation.framework in Frameworks */ = {isa = PBXBuildFile; fileRef = C2CBBC6418E1D19C00320A63 /* Foundation.framework */; };
		C2CBBC6718E1D19C00320A63 /* CoreGraphics.framework in Frameworks */ = {isa = PBXBuildFile; fileRef = C2CBBC6618E1D19C00320A63 /* CoreGraphics.framework */; };
		C2CBBC6918E1D19C00320A63 /* UIKit.framework in Frameworks */ = {isa = PBXBuildFile; fileRef = C2CBBC6818E1D19C00320A63 /* UIKit.framework */; };
		C2CBBC6F18E1D19C00320A63 /* InfoPlist.strings in Resources */ = {isa = PBXBuildFile; fileRef = C2CBBC6D18E1D19C00320A63 /* InfoPlist.strings */; };
		C2CBBC7118E1D19C00320A63 /* main.m in Sources */ = {isa = PBXBuildFile; fileRef = C2CBBC7018E1D19C00320A63 /* main.m */; };
		C2CBBC7518E1D19C00320A63 /* AppDelegate.m in Sources */ = {isa = PBXBuildFile; fileRef = C2CBBC7418E1D19C00320A63 /* AppDelegate.m */; };
		C2CBBC7E18E1D19C00320A63 /* ViewController.m in Sources */ = {isa = PBXBuildFile; fileRef = C2CBBC7D18E1D19C00320A63 /* ViewController.m */; };
		C2CBBC8018E1D19C00320A63 /* Images.xcassets in Resources */ = {isa = PBXBuildFile; fileRef = C2CBBC7F18E1D19C00320A63 /* Images.xcassets */; };
		C2CBBC8718E1D19C00320A63 /* XCTest.framework in Frameworks */ = {isa = PBXBuildFile; fileRef = C2CBBC8618E1D19C00320A63 /* XCTest.framework */; };
		C2CBBC8818E1D19C00320A63 /* Foundation.framework in Frameworks */ = {isa = PBXBuildFile; fileRef = C2CBBC6418E1D19C00320A63 /* Foundation.framework */; };
		C2CBBC8918E1D19C00320A63 /* UIKit.framework in Frameworks */ = {isa = PBXBuildFile; fileRef = C2CBBC6818E1D19C00320A63 /* UIKit.framework */; };
		C2CBBC9118E1D19C00320A63 /* InfoPlist.strings in Resources */ = {isa = PBXBuildFile; fileRef = C2CBBC8F18E1D19C00320A63 /* InfoPlist.strings */; };
		C2CBBC9318E1D19C00320A63 /* SimpleP2PTests.m in Sources */ = {isa = PBXBuildFile; fileRef = C2CBBC9218E1D19C00320A63 /* SimpleP2PTests.m */; };
		C2CBBC9F18E1D24000320A63 /* MainViewController.m in Sources */ = {isa = PBXBuildFile; fileRef = C2CBBC9D18E1D24000320A63 /* MainViewController.m */; };
		C2CBBCA018E1D24000320A63 /* MainViewController.xib in Resources */ = {isa = PBXBuildFile; fileRef = C2CBBC9E18E1D24000320A63 /* MainViewController.xib */; };
		C2CBBCA218E1D3FE00320A63 /* MultipeerConnectivity.framework in Frameworks */ = {isa = PBXBuildFile; fileRef = C2CBBCA118E1D3FE00320A63 /* MultipeerConnectivity.framework */; };
/* End PBXBuildFile section */

/* Begin PBXContainerItemProxy section */
		C2CBBC8A18E1D19C00320A63 /* PBXContainerItemProxy */ = {
			isa = PBXContainerItemProxy;
			containerPortal = C2CBBC5918E1D19C00320A63 /* Project object */;
			proxyType = 1;
			remoteGlobalIDString = C2CBBC6018E1D19C00320A63;
			remoteInfo = SimpleP2P;
		};
/* End PBXContainerItemProxy section */

/* Begin PBXFileReference section */
		C22E53C8198638DA002C4187 /* MultipeerMan.h */ = {isa = PBXFileReference; fileEncoding = 4; lastKnownFileType = sourcecode.c.h; path = MultipeerMan.h; sourceTree = "<group>"; };
		C22E53C9198638DA002C4187 /* MultipeerMan.m */ = {isa = PBXFileReference; fileEncoding = 4; lastKnownFileType = sourcecode.c.objc; path = MultipeerMan.m; sourceTree = "<group>"; };
		C22E53CB19863AD1002C4187 /* VoiceReceiver.h */ = {isa = PBXFileReference; fileEncoding = 4; lastKnownFileType = sourcecode.c.h; path = VoiceReceiver.h; sourceTree = "<group>"; };
		C22E53CC19863AD1002C4187 /* VoiceReceiver.m */ = {isa = PBXFileReference; fileEncoding = 4; lastKnownFileType = sourcecode.c.objc; path = VoiceReceiver.m; sourceTree = "<group>"; };
		C2870C921985F8AD009E7258 /* UIView+Toast.h */ = {isa = PBXFileReference; fileEncoding = 4; lastKnownFileType = sourcecode.c.h; path = "UIView+Toast.h"; sourceTree = "<group>"; };
		C2870C931985F8AD009E7258 /* UIView+Toast.m */ = {isa = PBXFileReference; fileEncoding = 4; lastKnownFileType = sourcecode.c.objc; path = "UIView+Toast.m"; sourceTree = "<group>"; };
		C2A8F59818E2A1610036C1B1 /* AudioToolbox.framework */ = {isa = PBXFileReference; lastKnownFileType = wrapper.framework; name = AudioToolbox.framework; path = System/Library/Frameworks/AudioToolbox.framework; sourceTree = SDKROOT; };
		C2A8F59A18E2A16C0036C1B1 /* AudioUnit.framework */ = {isa = PBXFileReference; lastKnownFileType = wrapper.framework; name = AudioUnit.framework; path = System/Library/Frameworks/AudioUnit.framework; sourceTree = SDKROOT; };
		C2A8F59C18E2A1700036C1B1 /* CoreAudio.framework */ = {isa = PBXFileReference; lastKnownFileType = wrapper.framework; name = CoreAudio.framework; path = System/Library/Frameworks/CoreAudio.framework; sourceTree = SDKROOT; };
		C2B8CDCD198716640059B148 /* AVFoundation.framework */ = {isa = PBXFileReference; lastKnownFileType = wrapper.framework; name = AVFoundation.framework; path = System/Library/Frameworks/AVFoundation.framework; sourceTree = SDKROOT; };
		C2B8CDCF19874DD00059B148 /* common.h */ = {isa = PBXFileReference; lastKnownFileType = sourcecode.c.h; path = common.h; sourceTree = "<group>"; };
		C2CBBC6118E1D19C00320A63 /* SimpleP2P.app */ = {isa = PBXFileReference; explicitFileType = wrapper.application; includeInIndex = 0; path = SimpleP2P.app; sourceTree = BUILT_PRODUCTS_DIR; };
		C2CBBC6418E1D19C00320A63 /* Foundation.framework */ = {isa = PBXFileReference; lastKnownFileType = wrapper.framework; name = Foundation.framework; path = System/Library/Frameworks/Foundation.framework; sourceTree = SDKROOT; };
		C2CBBC6618E1D19C00320A63 /* CoreGraphics.framework */ = {isa = PBXFileReference; lastKnownFileType = wrapper.framework; name = CoreGraphics.framework; path = System/Library/Frameworks/CoreGraphics.framework; sourceTree = SDKROOT; };
		C2CBBC6818E1D19C00320A63 /* UIKit.framework */ = {isa = PBXFileReference; lastKnownFileType = wrapper.framework; name = UIKit.framework; path = System/Library/Frameworks/UIKit.framework; sourceTree = SDKROOT; };
		C2CBBC6C18E1D19C00320A63 /* SimpleP2P-Info.plist */ = {isa = PBXFileReference; lastKnownFileType = text.plist.xml; path = "SimpleP2P-Info.plist"; sourceTree = "<group>"; };
		C2CBBC6E18E1D19C00320A63 /* en */ = {isa = PBXFileReference; lastKnownFileType = text.plist.strings; name = en; path = en.lproj/InfoPlist.strings; sourceTree = "<group>"; };
		C2CBBC7018E1D19C00320A63 /* main.m */ = {isa = PBXFileReference; lastKnownFileType = sourcecode.c.objc; path = main.m; sourceTree = "<group>"; };
		C2CBBC7218E1D19C00320A63 /* SimpleP2P-Prefix.pch */ = {isa = PBXFileReference; lastKnownFileType = sourcecode.c.h; path = "SimpleP2P-Prefix.pch"; sourceTree = "<group>"; };
		C2CBBC7318E1D19C00320A63 /* AppDelegate.h */ = {isa = PBXFileReference; lastKnownFileType = sourcecode.c.h; path = AppDelegate.h; sourceTree = "<group>"; };
		C2CBBC7418E1D19C00320A63 /* AppDelegate.m */ = {isa = PBXFileReference; lastKnownFileType = sourcecode.c.objc; path = AppDelegate.m; sourceTree = "<group>"; };
		C2CBBC7C18E1D19C00320A63 /* ViewController.h */ = {isa = PBXFileReference; lastKnownFileType = sourcecode.c.h; path = ViewController.h; sourceTree = "<group>"; };
		C2CBBC7D18E1D19C00320A63 /* ViewController.m */ = {isa = PBXFileReference; lastKnownFileType = sourcecode.c.objc; path = ViewController.m; sourceTree = "<group>"; };
		C2CBBC7F18E1D19C00320A63 /* Images.xcassets */ = {isa = PBXFileReference; lastKnownFileType = folder.assetcatalog; path = Images.xcassets; sourceTree = "<group>"; };
		C2CBBC8518E1D19C00320A63 /* SimpleP2PTests.xctest */ = {isa = PBXFileReference; explicitFileType = wrapper.cfbundle; includeInIndex = 0; path = SimpleP2PTests.xctest; sourceTree = BUILT_PRODUCTS_DIR; };
		C2CBBC8618E1D19C00320A63 /* XCTest.framework */ = {isa = PBXFileReference; lastKnownFileType = wrapper.framework; name = XCTest.framework; path = Library/Frameworks/XCTest.framework; sourceTree = DEVELOPER_DIR; };
		C2CBBC8E18E1D19C00320A63 /* SimpleP2PTests-Info.plist */ = {isa = PBXFileReference; lastKnownFileType = text.plist.xml; path = "SimpleP2PTests-Info.plist"; sourceTree = "<group>"; };
		C2CBBC9018E1D19C00320A63 /* en */ = {isa = PBXFileReference; lastKnownFileType = text.plist.strings; name = en; path = en.lproj/InfoPlist.strings; sourceTree = "<group>"; };
		C2CBBC9218E1D19C00320A63 /* SimpleP2PTests.m */ = {isa = PBXFileReference; lastKnownFileType = sourcecode.c.objc; path = SimpleP2PTests.m; sourceTree = "<group>"; };
		C2CBBC9C18E1D24000320A63 /* MainViewController.h */ = {isa = PBXFileReference; fileEncoding = 4; lastKnownFileType = sourcecode.c.h; path = MainViewController.h; sourceTree = "<group>"; };
		C2CBBC9D18E1D24000320A63 /* MainViewController.m */ = {isa = PBXFileReference; fileEncoding = 4; lastKnownFileType = sourcecode.c.objc; path = MainViewController.m; sourceTree = "<group>"; };
		C2CBBC9E18E1D24000320A63 /* MainViewController.xib */ = {isa = PBXFileReference; fileEncoding = 4; lastKnownFileType = file.xib; path = MainViewController.xib; sourceTree = "<group>"; };
		C2CBBCA118E1D3FE00320A63 /* MultipeerConnectivity.framework */ = {isa = PBXFileReference; lastKnownFileType = wrapper.framework; name = MultipeerConnectivity.framework; path = System/Library/Frameworks/MultipeerConnectivity.framework; sourceTree = SDKROOT; };
/* End PBXFileReference section */

/* Begin PBXFrameworksBuildPhase section */
		C2CBBC5E18E1D19C00320A63 /* Frameworks */ = {
			isa = PBXFrameworksBuildPhase;
			buildActionMask = 2147483647;
			files = (
				C2B8CDCE198716640059B148 /* AVFoundation.framework in Frameworks */,
				C2A8F59D18E2A1700036C1B1 /* CoreAudio.framework in Frameworks */,
				C2CBBCA218E1D3FE00320A63 /* MultipeerConnectivity.framework in Frameworks */,
				C2CBBC6718E1D19C00320A63 /* CoreGraphics.framework in Frameworks */,
				C2CBBC6918E1D19C00320A63 /* UIKit.framework in Frameworks */,
				C2CBBC6518E1D19C00320A63 /* Foundation.framework in Frameworks */,
			);
			runOnlyForDeploymentPostprocessing = 0;
		};
		C2CBBC8218E1D19C00320A63 /* Frameworks */ = {
			isa = PBXFrameworksBuildPhase;
			buildActionMask = 2147483647;
			files = (
				C2CBBC8718E1D19C00320A63 /* XCTest.framework in Frameworks */,
				C2CBBC8918E1D19C00320A63 /* UIKit.framework in Frameworks */,
				C2CBBC8818E1D19C00320A63 /* Foundation.framework in Frameworks */,
			);
			runOnlyForDeploymentPostprocessing = 0;
		};
/* End PBXFrameworksBuildPhase section */

/* Begin PBXGroup section */
		C22E53C719863892002C4187 /* model */ = {
			isa = PBXGroup;
			children = (
				C22E53C8198638DA002C4187 /* MultipeerMan.h */,
				C22E53C9198638DA002C4187 /* MultipeerMan.m */,
				C22E53CB19863AD1002C4187 /* VoiceReceiver.h */,
				C22E53CC19863AD1002C4187 /* VoiceReceiver.m */,
			);
			name = model;
			sourceTree = "<group>";
		};
		C2870C911985F888009E7258 /* toast */ = {
			isa = PBXGroup;
			children = (
				C2870C921985F8AD009E7258 /* UIView+Toast.h */,
				C2870C931985F8AD009E7258 /* UIView+Toast.m */,
			);
			name = toast;
			sourceTree = "<group>";
		};
		C2CBBC5818E1D19C00320A63 = {
			isa = PBXGroup;
			children = (
				C2CBBC6A18E1D19C00320A63 /* SimpleP2P */,
				C2CBBC8C18E1D19C00320A63 /* SimpleP2PTests */,
				C2CBBC6318E1D19C00320A63 /* Frameworks */,
				C2CBBC6218E1D19C00320A63 /* Products */,
			);
			sourceTree = "<group>";
		};
		C2CBBC6218E1D19C00320A63 /* Products */ = {
			isa = PBXGroup;
			children = (
				C2CBBC6118E1D19C00320A63 /* SimpleP2P.app */,
				C2CBBC8518E1D19C00320A63 /* SimpleP2PTests.xctest */,
			);
			name = Products;
			sourceTree = "<group>";
		};
		C2CBBC6318E1D19C00320A63 /* Frameworks */ = {
			isa = PBXGroup;
			children = (
				C2B8CDCD198716640059B148 /* AVFoundation.framework */,
				C2A8F59C18E2A1700036C1B1 /* CoreAudio.framework */,
				C2A8F59A18E2A16C0036C1B1 /* AudioUnit.framework */,
				C2A8F59818E2A1610036C1B1 /* AudioToolbox.framework */,
				C2CBBCA118E1D3FE00320A63 /* MultipeerConnectivity.framework */,
				C2CBBC6418E1D19C00320A63 /* Foundation.framework */,
				C2CBBC6618E1D19C00320A63 /* CoreGraphics.framework */,
				C2CBBC6818E1D19C00320A63 /* UIKit.framework */,
				C2CBBC8618E1D19C00320A63 /* XCTest.framework */,
			);
			name = Frameworks;
			sourceTree = "<group>";
		};
		C2CBBC6A18E1D19C00320A63 /* SimpleP2P */ = {
			isa = PBXGroup;
			children = (
				C22E53C719863892002C4187 /* model */,
				C2870C911985F888009E7258 /* toast */,
				C2CBBC7318E1D19C00320A63 /* AppDelegate.h */,
				C2CBBC7418E1D19C00320A63 /* AppDelegate.m */,
				C2CBBC7C18E1D19C00320A63 /* ViewController.h */,
				C2CBBC7D18E1D19C00320A63 /* ViewController.m */,
				C2CBBC7F18E1D19C00320A63 /* Images.xcassets */,
				C2CBBC6B18E1D19C00320A63 /* Supporting Files */,
				C2CBBC9C18E1D24000320A63 /* MainViewController.h */,
				C2CBBC9D18E1D24000320A63 /* MainViewController.m */,
				C2CBBC9E18E1D24000320A63 /* MainViewController.xib */,
				C2B8CDCF19874DD00059B148 /* common.h */,
			);
			path = SimpleP2P;
			sourceTree = "<group>";
		};
		C2CBBC6B18E1D19C00320A63 /* Supporting Files */ = {
			isa = PBXGroup;
			children = (
				C2CBBC6C18E1D19C00320A63 /* SimpleP2P-Info.plist */,
				C2CBBC6D18E1D19C00320A63 /* InfoPlist.strings */,
				C2CBBC7018E1D19C00320A63 /* main.m */,
				C2CBBC7218E1D19C00320A63 /* SimpleP2P-Prefix.pch */,
			);
			name = "Supporting Files";
			sourceTree = "<group>";
		};
		C2CBBC8C18E1D19C00320A63 /* SimpleP2PTests */ = {
			isa = PBXGroup;
			children = (
				C2CBBC9218E1D19C00320A63 /* SimpleP2PTests.m */,
				C2CBBC8D18E1D19C00320A63 /* Supporting Files */,
			);
			path = SimpleP2PTests;
			sourceTree = "<group>";
		};
		C2CBBC8D18E1D19C00320A63 /* Supporting Files */ = {
			isa = PBXGroup;
			children = (
				C2CBBC8E18E1D19C00320A63 /* SimpleP2PTests-Info.plist */,
				C2CBBC8F18E1D19C00320A63 /* InfoPlist.strings */,
			);
			name = "Supporting Files";
			sourceTree = "<group>";
		};
/* End PBXGroup section */

/* Begin PBXNativeTarget section */
		C2CBBC6018E1D19C00320A63 /* SimpleP2P */ = {
			isa = PBXNativeTarget;
			buildConfigurationList = C2CBBC9618E1D19C00320A63 /* Build configuration list for PBXNativeTarget "SimpleP2P" */;
			buildPhases = (
				C2CBBC5D18E1D19C00320A63 /* Sources */,
				C2CBBC5E18E1D19C00320A63 /* Frameworks */,
				C2CBBC5F18E1D19C00320A63 /* Resources */,
			);
			buildRules = (
			);
			dependencies = (
			);
			name = SimpleP2P;
			productName = SimpleP2P;
			productReference = C2CBBC6118E1D19C00320A63 /* SimpleP2P.app */;
			productType = "com.apple.product-type.application";
		};
		C2CBBC8418E1D19C00320A63 /* SimpleP2PTests */ = {
			isa = PBXNativeTarget;
			buildConfigurationList = C2CBBC9918E1D19C00320A63 /* Build configuration list for PBXNativeTarget "SimpleP2PTests" */;
			buildPhases = (
				C2CBBC8118E1D19C00320A63 /* Sources */,
				C2CBBC8218E1D19C00320A63 /* Frameworks */,
				C2CBBC8318E1D19C00320A63 /* Resources */,
			);
			buildRules = (
			);
			dependencies = (
				C2CBBC8B18E1D19C00320A63 /* PBXTargetDependency */,
			);
			name = SimpleP2PTests;
			productName = SimpleP2PTests;
			productReference = C2CBBC8518E1D19C00320A63 /* SimpleP2PTests.xctest */;
			productType = "com.apple.product-type.bundle.unit-test";
		};
/* End PBXNativeTarget section */

/* Begin PBXProject section */
		C2CBBC5918E1D19C00320A63 /* Project object */ = {
			isa = PBXProject;
			attributes = {
				LastUpgradeCheck = 0510;
				ORGANIZATIONNAME = "長島 伸光";
				TargetAttributes = {
					C2CBBC8418E1D19C00320A63 = {
						TestTargetID = C2CBBC6018E1D19C00320A63;
					};
				};
			};
			buildConfigurationList = C2CBBC5C18E1D19C00320A63 /* Build configuration list for PBXProject "SimpleP2P" */;
			compatibilityVersion = "Xcode 3.2";
			developmentRegion = English;
			hasScannedForEncodings = 0;
			knownRegions = (
				en,
				Base,
			);
			mainGroup = C2CBBC5818E1D19C00320A63;
			productRefGroup = C2CBBC6218E1D19C00320A63 /* Products */;
			projectDirPath = "";
			projectRoot = "";
			targets = (
				C2CBBC6018E1D19C00320A63 /* SimpleP2P */,
				C2CBBC8418E1D19C00320A63 /* SimpleP2PTests */,
			);
		};
/* End PBXProject section */

/* Begin PBXResourcesBuildPhase section */
		C2CBBC5F18E1D19C00320A63 /* Resources */ = {
			isa = PBXResourcesBuildPhase;
			buildActionMask = 2147483647;
			files = (
				C2CBBC8018E1D19C00320A63 /* Images.xcassets in Resources */,
				C2CBBCA018E1D24000320A63 /* MainViewController.xib in Resources */,
				C2CBBC6F18E1D19C00320A63 /* InfoPlist.strings in Resources */,
			);
			runOnlyForDeploymentPostprocessing = 0;
		};
		C2CBBC8318E1D19C00320A63 /* Resources */ = {
			isa = PBXResourcesBuildPhase;
			buildActionMask = 2147483647;
			files = (
				C2CBBC9118E1D19C00320A63 /* InfoPlist.strings in Resources */,
			);
			runOnlyForDeploymentPostprocessing = 0;
		};
/* End PBXResourcesBuildPhase section */

/* Begin PBXSourcesBuildPhase section */
		C2CBBC5D18E1D19C00320A63 /* Sources */ = {
			isa = PBXSourcesBuildPhase;
			buildActionMask = 2147483647;
			files = (
				C22E53CD19863AD1002C4187 /* VoiceReceiver.m in Sources */,
				C2CBBC7E18E1D19C00320A63 /* ViewController.m in Sources */,
				C2CBBC7518E1D19C00320A63 /* AppDelegate.m in Sources */,
				C2CBBC7118E1D19C00320A63 /* main.m in Sources */,
				C2870C941985F8AD009E7258 /* UIView+Toast.m in Sources */,
				C22E53CA198638DA002C4187 /* MultipeerMan.m in Sources */,
				C2CBBC9F18E1D24000320A63 /* MainViewController.m in Sources */,
			);
			runOnlyForDeploymentPostprocessing = 0;
		};
		C2CBBC8118E1D19C00320A63 /* Sources */ = {
			isa = PBXSourcesBuildPhase;
			buildActionMask = 2147483647;
			files = (
				C2CBBC9318E1D19C00320A63 /* SimpleP2PTests.m in Sources */,
			);
			runOnlyForDeploymentPostprocessing = 0;
		};
/* End PBXSourcesBuildPhase section */

/* Begin PBXTargetDependency section */
		C2CBBC8B18E1D19C00320A63 /* PBXTargetDependency */ = {
			isa = PBXTargetDependency;
			target = C2CBBC6018E1D19C00320A63 /* SimpleP2P */;
			targetProxy = C2CBBC8A18E1D19C00320A63 /* PBXContainerItemProxy */;
		};
/* End PBXTargetDependency section */

/* Begin PBXVariantGroup section */
		C2CBBC6D18E1D19C00320A63 /* InfoPlist.strings */ = {
			isa = PBXVariantGroup;
			children = (
				C2CBBC6E18E1D19C00320A63 /* en */,
			);
			name = InfoPlist.strings;
			sourceTree = "<group>";
		};
		C2CBBC8F18E1D19C00320A63 /* InfoPlist.strings */ = {
			isa = PBXVariantGroup;
			children = (
				C2CBBC9018E1D19C00320A63 /* en */,
			);
			name = InfoPlist.strings;
			sourceTree = "<group>";
		};
/* End PBXVariantGroup section */

/* Begin XCBuildConfiguration section */
		C2CBBC9418E1D19C00320A63 /* Debug */ = {
			isa = XCBuildConfiguration;
			buildSettings = {
				ALWAYS_SEARCH_USER_PATHS = NO;
				CLANG_CXX_LANGUAGE_STANDARD = "gnu++0x";
				CLANG_CXX_LIBRARY = "libc++";
				CLANG_ENABLE_MODULES = YES;
				CLANG_ENABLE_OBJC_ARC = YES;
				CLANG_WARN_BOOL_CONVERSION = YES;
				CLANG_WARN_CONSTANT_CONVERSION = YES;
				CLANG_WARN_DIRECT_OBJC_ISA_USAGE = YES_ERROR;
				CLANG_WARN_EMPTY_BODY = YES;
				CLANG_WARN_ENUM_CONVERSION = YES;
				CLANG_WARN_INT_CONVERSION = YES;
				CLANG_WARN_OBJC_ROOT_CLASS = YES_ERROR;
				CLANG_WARN__DUPLICATE_METHOD_MATCH = YES;
				"CODE_SIGN_IDENTITY[sdk=iphoneos*]" = "iPhone Developer";
				COPY_PHASE_STRIP = NO;
				GCC_C_LANGUAGE_STANDARD = gnu99;
				GCC_DYNAMIC_NO_PIC = NO;
				GCC_OPTIMIZATION_LEVEL = 0;
				GCC_PREPROCESSOR_DEFINITIONS = (
					"DEBUG=1",
					"$(inherited)",
				);
				GCC_SYMBOLS_PRIVATE_EXTERN = NO;
				GCC_WARN_64_TO_32_BIT_CONVERSION = YES;
				GCC_WARN_ABOUT_RETURN_TYPE = YES_ERROR;
				GCC_WARN_UNDECLARED_SELECTOR = YES;
				GCC_WARN_UNINITIALIZED_AUTOS = YES_AGGRESSIVE;
				GCC_WARN_UNUSED_FUNCTION = YES;
				GCC_WARN_UNUSED_VARIABLE = YES;
				IPHONEOS_DEPLOYMENT_TARGET = 7.1;
				ONLY_ACTIVE_ARCH = YES;
				SDKROOT = iphoneos;
				TARGETED_DEVICE_FAMILY = "1,2";
			};
			name = Debug;
		};
		C2CBBC9518E1D19C00320A63 /* Release */ = {
			isa = XCBuildConfiguration;
			buildSettings = {
				ALWAYS_SEARCH_USER_PATHS = NO;
				CLANG_CXX_LANGUAGE_STANDARD = "gnu++0x";
				CLANG_CXX_LIBRARY = "libc++";
				CLANG_ENABLE_MODULES = YES;
				CLANG_ENABLE_OBJC_ARC = YES;
				CLANG_WARN_BOOL_CONVERSION = YES;
				CLANG_WARN_CONSTANT_CONVERSION = YES;
				CLANG_WARN_DIRECT_OBJC_ISA_USAGE = YES_ERROR;
				CLANG_WARN_EMPTY_BODY = YES;
				CLANG_WARN_ENUM_CONVERSION = YES;
				CLANG_WARN_INT_CONVERSION = YES;
				CLANG_WARN_OBJC_ROOT_CLASS = YES_ERROR;
				CLANG_WARN__DUPLICATE_METHOD_MATCH = YES;
				"CODE_SIGN_IDENTITY[sdk=iphoneos*]" = "iPhone Developer";
				COPY_PHASE_STRIP = YES;
				ENABLE_NS_ASSERTIONS = NO;
				GCC_C_LANGUAGE_STANDARD = gnu99;
				GCC_WARN_64_TO_32_BIT_CONVERSION = YES;
				GCC_WARN_ABOUT_RETURN_TYPE = YES_ERROR;
				GCC_WARN_UNDECLARED_SELECTOR = YES;
				GCC_WARN_UNINITIALIZED_AUTOS = YES_AGGRESSIVE;
				GCC_WARN_UNUSED_FUNCTION = YES;
				GCC_WARN_UNUSED_VARIABLE = YES;
				IPHONEOS_DEPLOYMENT_TARGET = 7.1;
				SDKROOT = iphoneos;
				TARGETED_DEVICE_FAMILY = "1,2";
				VALIDATE_PRODUCT = YES;
			};
			name = Release;
		};
		C2CBBC9718E1D19C00320A63 /* Debug */ = {
			isa = XCBuildConfiguration;
			buildSettings = {
				ASSETCATALOG_COMPILER_APPICON_NAME = AppIcon;
				ASSETCATALOG_COMPILER_LAUNCHIMAGE_NAME = LaunchImage;
				GCC_PRECOMPILE_PREFIX_HEADER = YES;
				GCC_PREFIX_HEADER = "SimpleP2P/SimpleP2P-Prefix.pch";
				INFOPLIST_FILE = "SimpleP2P/SimpleP2P-Info.plist";
				PRODUCT_NAME = "$(TARGET_NAME)";
				WRAPPER_EXTENSION = app;
			};
			name = Debug;
		};
		C2CBBC9818E1D19C00320A63 /* Release */ = {
			isa = XCBuildConfiguration;
			buildSettings = {
				ASSETCATALOG_COMPILER_APPICON_NAME = AppIcon;
				ASSETCATALOG_COMPILER_LAUNCHIMAGE_NAME = LaunchImage;
				GCC_PRECOMPILE_PREFIX_HEADER = YES;
				GCC_PREFIX_HEADER = "SimpleP2P/SimpleP2P-Prefix.pch";
				INFOPLIST_FILE = "SimpleP2P/SimpleP2P-Info.plist";
				PRODUCT_NAME = "$(TARGET_NAME)";
				WRAPPER_EXTENSION = app;
			};
			name = Release;
		};
		C2CBBC9A18E1D19C00320A63 /* Debug */ = {
			isa = XCBuildConfiguration;
			buildSettings = {
				BUNDLE_LOADER = "$(BUILT_PRODUCTS_DIR)/SimpleP2P.app/SimpleP2P";
				FRAMEWORK_SEARCH_PATHS = (
					"$(SDKROOT)/Developer/Library/Frameworks",
					"$(inherited)",
					"$(DEVELOPER_FRAMEWORKS_DIR)",
				);
				GCC_PRECOMPILE_PREFIX_HEADER = YES;
				GCC_PREFIX_HEADER = "SimpleP2P/SimpleP2P-Prefix.pch";
				GCC_PREPROCESSOR_DEFINITIONS = (
					"DEBUG=1",
					"$(inherited)",
				);
				INFOPLIST_FILE = "SimpleP2PTests/SimpleP2PTests-Info.plist";
				PRODUCT_NAME = "$(TARGET_NAME)";
				TEST_HOST = "$(BUNDLE_LOADER)";
				WRAPPER_EXTENSION = xctest;
			};
			name = Debug;
		};
		C2CBBC9B18E1D19C00320A63 /* Release */ = {
			isa = XCBuildConfiguration;
			buildSettings = {
				BUNDLE_LOADER = "$(BUILT_PRODUCTS_DIR)/SimpleP2P.app/SimpleP2P";
				FRAMEWORK_SEARCH_PATHS = (
					"$(SDKROOT)/Developer/Library/Frameworks",
					"$(inherited)",
					"$(DEVELOPER_FRAMEWORKS_DIR)",
				);
				GCC_PRECOMPILE_PREFIX_HEADER = YES;
				GCC_PREFIX_HEADER = "SimpleP2P/SimpleP2P-Prefix.pch";
				INFOPLIST_FILE = "SimpleP2PTests/SimpleP2PTests-Info.plist";
				PRODUCT_NAME = "$(TARGET_NAME)";
				TEST_HOST = "$(BUNDLE_LOADER)";
				WRAPPER_EXTENSION = xctest;
			};
			name = Release;
		};
/* End XCBuildConfiguration section */

/* Begin XCConfigurationList section */
		C2CBBC5C18E1D19C00320A63 /* Build configuration list for PBXProject "SimpleP2P" */ = {
			isa = XCConfigurationList;
			buildConfigurations = (
				C2CBBC9418E1D19C00320A63 /* Debug */,
				C2CBBC9518E1D19C00320A63 /* Release */,
			);
			defaultConfigurationIsVisible = 0;
			defaultConfigurationName = Release;
		};
		C2CBBC9618E1D19C00320A63 /* Build configuration list for PBXNativeTarget "SimpleP2P" */ = {
			isa = XCConfigurationList;
			buildConfigurations = (
				C2CBBC9718E1D19C00320A63 /* Debug */,
				C2CBBC9818E1D19C00320A63 /* Release */,
			);
			defaultConfigurationIsVisible = 0;
			defaultConfigurationName = Release;
		};
		C2CBBC9918E1D19C00320A63 /* Build configuration list for PBXNativeTarget "SimpleP2PTests" */ = {
			isa = XCConfigurationList;
			buildConfigurations = (
				C2CBBC9A18E1D19C00320A63 /* Debug */,
				C2CBBC9B18E1D19C00320A63 /* Release */,
			);
			defaultConfigurationIsVisible = 0;
			defaultConfigurationName = Release;
		};
/* End XCConfigurationList section */
	};
	rootObject = C2CBBC5918E1D19C00320A63 /* Project object */;
}
